// !$*UTF8*$!
{
	archiveVersion = 1;
	classes = {
	};
	objectVersion = 50;
	objects = {

/* Begin PBXBuildFile section */
		4A1222FB21073B0300055307 /* DetailViewController.m in Sources */ = {isa = PBXBuildFile; fileRef = 4A1222FA21073B0200055307 /* DetailViewController.m */; };
		4A1222FF21074F7C00055307 /* CreateEmployeeViewController.m in Sources */ = {isa = PBXBuildFile; fileRef = 4A1222FE21074F7C00055307 /* CreateEmployeeViewController.m */; };
		4A33E7472108B7380091305E /* Model.xcdatamodeld in Sources */ = {isa = PBXBuildFile; fileRef = 4A33E7442108B69F0091305E /* Model.xcdatamodeld */; };
		4A33E7532108BFB10091305E /* Employee+CoreDataProperties.m in Sources */ = {isa = PBXBuildFile; fileRef = 4A33E7512108BFB10091305E /* Employee+CoreDataProperties.m */; };
		4A33E7592108D59B0091305E /* Organization+CoreDataProperties.m in Sources */ = {isa = PBXBuildFile; fileRef = 4A33E7572108D59B0091305E /* Organization+CoreDataProperties.m */; };
		4A3570EC2105D95C002CA6D3 /* AppDelegate.m in Sources */ = {isa = PBXBuildFile; fileRef = 4A3570EB2105D95C002CA6D3 /* AppDelegate.m */; };
		4A3570EF2105D95C002CA6D3 /* MainViewController.m in Sources */ = {isa = PBXBuildFile; fileRef = 4A3570EE2105D95C002CA6D3 /* MainViewController.m */; };
		4A3570F22105D95C002CA6D3 /* Main.storyboard in Resources */ = {isa = PBXBuildFile; fileRef = 4A3570F02105D95C002CA6D3 /* Main.storyboard */; };
		4A3570F42105D95C002CA6D3 /* Assets.xcassets in Resources */ = {isa = PBXBuildFile; fileRef = 4A3570F32105D95C002CA6D3 /* Assets.xcassets */; };
		4A3570F72105D95C002CA6D3 /* LaunchScreen.storyboard in Resources */ = {isa = PBXBuildFile; fileRef = 4A3570F52105D95C002CA6D3 /* LaunchScreen.storyboard */; };
		4A3570FA2105D95C002CA6D3 /* main.m in Sources */ = {isa = PBXBuildFile; fileRef = 4A3570F92105D95C002CA6D3 /* main.m */; };
		4A3571012105D9DD002CA6D3 /* Employee.m in Sources */ = {isa = PBXBuildFile; fileRef = 4A3571002105D9DD002CA6D3 /* Employee.m */; };
		4A357129210627F5002CA6D3 /* Organization.m in Sources */ = {isa = PBXBuildFile; fileRef = 4A357128210627F5002CA6D3 /* Organization.m */; };
/* End PBXBuildFile section */

/* Begin PBXFileReference section */
		4A1222F921073B0200055307 /* DetailViewController.h */ = {isa = PBXFileReference; fileEncoding = 4; lastKnownFileType = sourcecode.c.h; path = DetailViewController.h; sourceTree = "<group>"; };
		4A1222FA21073B0200055307 /* DetailViewController.m */ = {isa = PBXFileReference; fileEncoding = 4; lastKnownFileType = sourcecode.c.objc; path = DetailViewController.m; sourceTree = "<group>"; };
		4A1222FD21074F7C00055307 /* CreateEmployeeViewController.h */ = {isa = PBXFileReference; lastKnownFileType = sourcecode.c.h; path = CreateEmployeeViewController.h; sourceTree = "<group>"; };
		4A1222FE21074F7C00055307 /* CreateEmployeeViewController.m */ = {isa = PBXFileReference; lastKnownFileType = sourcecode.c.objc; path = CreateEmployeeViewController.m; sourceTree = "<group>"; };
		4A33E7452108B69F0091305E /* Model.xcdatamodel */ = {isa = PBXFileReference; lastKnownFileType = wrapper.xcdatamodel; path = Model.xcdatamodel; sourceTree = "<group>"; };
		4A33E74E2108BFB10091305E /* Employee+CoreDataProperties.h */ = {isa = PBXFileReference; lastKnownFileType = sourcecode.c.h; path = "Employee+CoreDataProperties.h"; sourceTree = "<group>"; };
		4A33E7512108BFB10091305E /* Employee+CoreDataProperties.m */ = {isa = PBXFileReference; lastKnownFileType = sourcecode.c.objc; path = "Employee+CoreDataProperties.m"; sourceTree = "<group>"; };
		4A33E7542108D59B0091305E /* Organization+CoreDataProperties.h */ = {isa = PBXFileReference; lastKnownFileType = sourcecode.c.h; path = "Organization+CoreDataProperties.h"; sourceTree = "<group>"; };
		4A33E7572108D59B0091305E /* Organization+CoreDataProperties.m */ = {isa = PBXFileReference; lastKnownFileType = sourcecode.c.objc; path = "Organization+CoreDataProperties.m"; sourceTree = "<group>"; };
		4A3570E72105D95C002CA6D3 /* IOS-Tutorial.app */ = {isa = PBXFileReference; explicitFileType = wrapper.application; includeInIndex = 0; path = "IOS-Tutorial.app"; sourceTree = BUILT_PRODUCTS_DIR; };
		4A3570EA2105D95C002CA6D3 /* AppDelegate.h */ = {isa = PBXFileReference; lastKnownFileType = sourcecode.c.h; path = AppDelegate.h; sourceTree = "<group>"; };
		4A3570EB2105D95C002CA6D3 /* AppDelegate.m */ = {isa = PBXFileReference; lastKnownFileType = sourcecode.c.objc; path = AppDelegate.m; sourceTree = "<group>"; };
		4A3570ED2105D95C002CA6D3 /* MainViewController.h */ = {isa = PBXFileReference; lastKnownFileType = sourcecode.c.h; path = MainViewController.h; sourceTree = "<group>"; };
		4A3570EE2105D95C002CA6D3 /* MainViewController.m */ = {isa = PBXFileReference; lastKnownFileType = sourcecode.c.objc; path = MainViewController.m; sourceTree = "<group>"; };
		4A3570F12105D95C002CA6D3 /* Base */ = {isa = PBXFileReference; lastKnownFileType = file.storyboard; name = Base; path = Base.lproj/Main.storyboard; sourceTree = "<group>"; };
		4A3570F32105D95C002CA6D3 /* Assets.xcassets */ = {isa = PBXFileReference; lastKnownFileType = folder.assetcatalog; path = Assets.xcassets; sourceTree = "<group>"; };
		4A3570F62105D95C002CA6D3 /* Base */ = {isa = PBXFileReference; lastKnownFileType = file.storyboard; name = Base; path = Base.lproj/LaunchScreen.storyboard; sourceTree = "<group>"; };
		4A3570F82105D95C002CA6D3 /* Info.plist */ = {isa = PBXFileReference; lastKnownFileType = text.plist.xml; path = Info.plist; sourceTree = "<group>"; };
		4A3570F92105D95C002CA6D3 /* main.m */ = {isa = PBXFileReference; lastKnownFileType = sourcecode.c.objc; path = main.m; sourceTree = "<group>"; };
		4A3571002105D9DD002CA6D3 /* Employee.m */ = {isa = PBXFileReference; lastKnownFileType = sourcecode.c.objc; path = Employee.m; sourceTree = "<group>"; };
		4A35712621060064002CA6D3 /* Employee.h */ = {isa = PBXFileReference; lastKnownFileType = sourcecode.c.h; path = Employee.h; sourceTree = "<group>"; };
		4A357127210627C6002CA6D3 /* Organization.h */ = {isa = PBXFileReference; lastKnownFileType = sourcecode.c.h; path = Organization.h; sourceTree = "<group>"; };
		4A357128210627F5002CA6D3 /* Organization.m */ = {isa = PBXFileReference; lastKnownFileType = sourcecode.c.objc; path = Organization.m; sourceTree = "<group>"; };
/* End PBXFileReference section */

/* Begin PBXFrameworksBuildPhase section */
		4A3570E42105D95C002CA6D3 /* Frameworks */ = {
			isa = PBXFrameworksBuildPhase;
			buildActionMask = 2147483647;
			files = (
			);
			runOnlyForDeploymentPostprocessing = 0;
		};
/* End PBXFrameworksBuildPhase section */

/* Begin PBXGroup section */
		4A3570DE2105D95B002CA6D3 = {
			isa = PBXGroup;
			children = (
				4A3570E92105D95C002CA6D3 /* IOS-Tutorial */,
				4A3570E82105D95C002CA6D3 /* Products */,
			);
			sourceTree = "<group>";
		};
		4A3570E82105D95C002CA6D3 /* Products */ = {
			isa = PBXGroup;
			children = (
				4A3570E72105D95C002CA6D3 /* IOS-Tutorial.app */,
			);
			name = Products;
			sourceTree = "<group>";
		};
		4A3570E92105D95C002CA6D3 /* IOS-Tutorial */ = {
			isa = PBXGroup;
			children = (
				4A35712621060064002CA6D3 /* Employee.h */,
				4A3571002105D9DD002CA6D3 /* Employee.m */,
				4A33E74E2108BFB10091305E /* Employee+CoreDataProperties.h */,
				4A33E7512108BFB10091305E /* Employee+CoreDataProperties.m */,
				4A357127210627C6002CA6D3 /* Organization.h */,
				4A357128210627F5002CA6D3 /* Organization.m */,
				4A33E7542108D59B0091305E /* Organization+CoreDataProperties.h */,
				4A33E7572108D59B0091305E /* Organization+CoreDataProperties.m */,
				4A3570EA2105D95C002CA6D3 /* AppDelegate.h */,
				4A3570EB2105D95C002CA6D3 /* AppDelegate.m */,
				4A3570ED2105D95C002CA6D3 /* MainViewController.h */,
				4A3570EE2105D95C002CA6D3 /* MainViewController.m */,
				4A1222F921073B0200055307 /* DetailViewController.h */,
				4A1222FA21073B0200055307 /* DetailViewController.m */,
				4A1222FD21074F7C00055307 /* CreateEmployeeViewController.h */,
				4A1222FE21074F7C00055307 /* CreateEmployeeViewController.m */,
				4A3570F02105D95C002CA6D3 /* Main.storyboard */,
				4A3570F32105D95C002CA6D3 /* Assets.xcassets */,
				4A33E7442108B69F0091305E /* Model.xcdatamodeld */,
				4A3570F52105D95C002CA6D3 /* LaunchScreen.storyboard */,
				4A3570F82105D95C002CA6D3 /* Info.plist */,
				4A3570F92105D95C002CA6D3 /* main.m */,
			);
			path = "IOS-Tutorial";
			sourceTree = "<group>";
		};
/* End PBXGroup section */

/* Begin PBXNativeTarget section */
		4A3570E62105D95C002CA6D3 /* IOS-Tutorial */ = {
			isa = PBXNativeTarget;
			buildConfigurationList = 4A3570FD2105D95C002CA6D3 /* Build configuration list for PBXNativeTarget "IOS-Tutorial" */;
			buildPhases = (
				4A3570E32105D95C002CA6D3 /* Sources */,
				4A3570E42105D95C002CA6D3 /* Frameworks */,
				4A3570E52105D95C002CA6D3 /* Resources */,
			);
			buildRules = (
			);
			dependencies = (
			);
			name = "IOS-Tutorial";
			productName = "IOS-Tutorial";
			productReference = 4A3570E72105D95C002CA6D3 /* IOS-Tutorial.app */;
			productType = "com.apple.product-type.application";
		};
/* End PBXNativeTarget section */

/* Begin PBXProject section */
		4A3570DF2105D95B002CA6D3 /* Project object */ = {
			isa = PBXProject;
			attributes = {
				LastUpgradeCheck = 0940;
				ORGANIZATIONNAME = FaiFly;
				TargetAttributes = {
					4A3570E62105D95C002CA6D3 = {
						CreatedOnToolsVersion = 9.4.1;
					};
				};
			};
			buildConfigurationList = 4A3570E22105D95B002CA6D3 /* Build configuration list for PBXProject "IOS-Tutorial" */;
			compatibilityVersion = "Xcode 9.3";
			developmentRegion = en;
			hasScannedForEncodings = 0;
			knownRegions = (
				en,
				Base,
			);
			mainGroup = 4A3570DE2105D95B002CA6D3;
			productRefGroup = 4A3570E82105D95C002CA6D3 /* Products */;
			projectDirPath = "";
			projectRoot = "";
			targets = (
				4A3570E62105D95C002CA6D3 /* IOS-Tutorial */,
			);
		};
/* End PBXProject section */

/* Begin PBXResourcesBuildPhase section */
		4A3570E52105D95C002CA6D3 /* Resources */ = {
			isa = PBXResourcesBuildPhase;
			buildActionMask = 2147483647;
			files = (
				4A3570F72105D95C002CA6D3 /* LaunchScreen.storyboard in Resources */,
				4A3570F42105D95C002CA6D3 /* Assets.xcassets in Resources */,
				4A3570F22105D95C002CA6D3 /* Main.storyboard in Resources */,
			);
			runOnlyForDeploymentPostprocessing = 0;
		};
/* End PBXResourcesBuildPhase section */

/* Begin PBXSourcesBuildPhase section */
		4A3570E32105D95C002CA6D3 /* Sources */ = {
			isa = PBXSourcesBuildPhase;
			buildActionMask = 2147483647;
			files = (
				4A3570EF2105D95C002CA6D3 /* MainViewController.m in Sources */,
				4A3571012105D9DD002CA6D3 /* Employee.m in Sources */,
				4A33E7592108D59B0091305E /* Organization+CoreDataProperties.m in Sources */,
				4A1222FF21074F7C00055307 /* CreateEmployeeViewController.m in Sources */,
				4A33E7472108B7380091305E /* Model.xcdatamodeld in Sources */,
				4A3570FA2105D95C002CA6D3 /* main.m in Sources */,
				4A3570EC2105D95C002CA6D3 /* AppDelegate.m in Sources */,
				4A1222FB21073B0300055307 /* DetailViewController.m in Sources */,
				4A357129210627F5002CA6D3 /* Organization.m in Sources */,
				4A33E7532108BFB10091305E /* Employee+CoreDataProperties.m in Sources */,
			);
			runOnlyForDeploymentPostprocessing = 0;
		};
/* End PBXSourcesBuildPhase section */

/* Begin PBXVariantGroup section */
		4A3570F02105D95C002CA6D3 /* Main.storyboard */ = {
			isa = PBXVariantGroup;
			children = (
				4A3570F12105D95C002CA6D3 /* Base */,
			);
			name = Main.storyboard;
			sourceTree = "<group>";
		};
		4A3570F52105D95C002CA6D3 /* LaunchScreen.storyboard */ = {
			isa = PBXVariantGroup;
			children = (
				4A3570F62105D95C002CA6D3 /* Base */,
			);
			name = LaunchScreen.storyboard;
			sourceTree = "<group>";
		};
/* End PBXVariantGroup section */

/* Begin XCBuildConfiguration section */
		4A3570FB2105D95C002CA6D3 /* Debug */ = {
			isa = XCBuildConfiguration;
			buildSettings = {
				ALWAYS_SEARCH_USER_PATHS = NO;
				CLANG_ANALYZER_NONNULL = YES;
				CLANG_ANALYZER_NUMBER_OBJECT_CONVERSION = YES_AGGRESSIVE;
				CLANG_CXX_LANGUAGE_STANDARD = "gnu++14";
				CLANG_CXX_LIBRARY = "libc++";
				CLANG_ENABLE_MODULES = YES;
				CLANG_ENABLE_OBJC_ARC = YES;
				CLANG_ENABLE_OBJC_WEAK = YES;
				CLANG_WARN_BLOCK_CAPTURE_AUTORELEASING = YES;
				CLANG_WARN_BOOL_CONVERSION = YES;
				CLANG_WARN_COMMA = YES;
				CLANG_WARN_CONSTANT_CONVERSION = YES;
				CLANG_WARN_DEPRECATED_OBJC_IMPLEMENTATIONS = YES;
				CLANG_WARN_DIRECT_OBJC_ISA_USAGE = YES_ERROR;
				CLANG_WARN_DOCUMENTATION_COMMENTS = YES;
				CLANG_WARN_EMPTY_BODY = YES;
				CLANG_WARN_ENUM_CONVERSION = YES;
				CLANG_WARN_INFINITE_RECURSION = YES;
				CLANG_WARN_INT_CONVERSION = YES;
				CLANG_WARN_NON_LITERAL_NULL_CONVERSION = YES;
				CLANG_WARN_OBJC_IMPLICIT_RETAIN_SELF = YES;
				CLANG_WARN_OBJC_LITERAL_CONVERSION = YES;
				CLANG_WARN_OBJC_ROOT_CLASS = YES_ERROR;
				CLANG_WARN_RANGE_LOOP_ANALYSIS = YES;
				CLANG_WARN_STRICT_PROTOTYPES = YES;
				CLANG_WARN_SUSPICIOUS_MOVE = YES;
				CLANG_WARN_UNGUARDED_AVAILABILITY = YES_AGGRESSIVE;
				CLANG_WARN_UNREACHABLE_CODE = YES;
				CLANG_WARN__DUPLICATE_METHOD_MATCH = YES;
				CODE_SIGN_IDENTITY = "iPhone Developer";
				COPY_PHASE_STRIP = NO;
				DEBUG_INFORMATION_FORMAT = dwarf;
				ENABLE_STRICT_OBJC_MSGSEND = YES;
				ENABLE_TESTABILITY = YES;
				GCC_C_LANGUAGE_STANDARD = gnu11;
				GCC_DYNAMIC_NO_PIC = NO;
				GCC_NO_COMMON_BLOCKS = YES;
				GCC_OPTIMIZATION_LEVEL = 0;
				GCC_PREPROCESSOR_DEFINITIONS = (
					"DEBUG=1",
					"$(inherited)",
				);
				GCC_WARN_64_TO_32_BIT_CONVERSION = YES;
				GCC_WARN_ABOUT_RETURN_TYPE = YES_ERROR;
				GCC_WARN_UNDECLARED_SELECTOR = YES;
				GCC_WARN_UNINITIALIZED_AUTOS = YES_AGGRESSIVE;
				GCC_WARN_UNUSED_FUNCTION = YES;
				GCC_WARN_UNUSED_VARIABLE = YES;
				IPHONEOS_DEPLOYMENT_TARGET = 11.4;
				MTL_ENABLE_DEBUG_INFO = YES;
				NEW_SETTING = "";
				ONLY_ACTIVE_ARCH = YES;
				SDKROOT = iphoneos;
			};
			name = Debug;
		};
		4A3570FC2105D95C002CA6D3 /* Release */ = {
			isa = XCBuildConfiguration;
			buildSettings = {
				ALWAYS_SEARCH_USER_PATHS = NO;
				CLANG_ANALYZER_NONNULL = YES;
				CLANG_ANALYZER_NUMBER_OBJECT_CONVERSION = YES_AGGRESSIVE;
				CLANG_CXX_LANGUAGE_STANDARD = "gnu++14";
				CLANG_CXX_LIBRARY = "libc++";
				CLANG_ENABLE_MODULES = YES;
				CLANG_ENABLE_OBJC_ARC = YES;
				CLANG_ENABLE_OBJC_WEAK = YES;
				CLANG_WARN_BLOCK_CAPTURE_AUTORELEASING = YES;
				CLANG_WARN_BOOL_CONVERSION = YES;
				CLANG_WARN_COMMA = YES;
				CLANG_WARN_CONSTANT_CONVERSION = YES;
				CLANG_WARN_DEPRECATED_OBJC_IMPLEMENTATIONS = YES;
				CLANG_WARN_DIRECT_OBJC_ISA_USAGE = YES_ERROR;
				CLANG_WARN_DOCUMENTATION_COMMENTS = YES;
				CLANG_WARN_EMPTY_BODY = YES;
				CLANG_WARN_ENUM_CONVERSION = YES;
				CLANG_WARN_INFINITE_RECURSION = YES;
				CLANG_WARN_INT_CONVERSION = YES;
				CLANG_WARN_NON_LITERAL_NULL_CONVERSION = YES;
				CLANG_WARN_OBJC_IMPLICIT_RETAIN_SELF = YES;
				CLANG_WARN_OBJC_LITERAL_CONVERSION = YES;
				CLANG_WARN_OBJC_ROOT_CLASS = YES_ERROR;
				CLANG_WARN_RANGE_LOOP_ANALYSIS = YES;
				CLANG_WARN_STRICT_PROTOTYPES = YES;
				CLANG_WARN_SUSPICIOUS_MOVE = YES;
				CLANG_WARN_UNGUARDED_AVAILABILITY = YES_AGGRESSIVE;
				CLANG_WARN_UNREACHABLE_CODE = YES;
				CLANG_WARN__DUPLICATE_METHOD_MATCH = YES;
				CODE_SIGN_IDENTITY = "iPhone Developer";
				COPY_PHASE_STRIP = NO;
				DEBUG_INFORMATION_FORMAT = "dwarf-with-dsym";
				ENABLE_NS_ASSERTIONS = NO;
				ENABLE_STRICT_OBJC_MSGSEND = YES;
				GCC_C_LANGUAGE_STANDARD = gnu11;
				GCC_NO_COMMON_BLOCKS = YES;
				GCC_WARN_64_TO_32_BIT_CONVERSION = YES;
				GCC_WARN_ABOUT_RETURN_TYPE = YES_ERROR;
				GCC_WARN_UNDECLARED_SELECTOR = YES;
				GCC_WARN_UNINITIALIZED_AUTOS = YES_AGGRESSIVE;
				GCC_WARN_UNUSED_FUNCTION = YES;
				GCC_WARN_UNUSED_VARIABLE = YES;
				IPHONEOS_DEPLOYMENT_TARGET = 11.4;
				MTL_ENABLE_DEBUG_INFO = NO;
				NEW_SETTING = "";
				ONLY_ACTIVE_ARCH = NO;
				SDKROOT = iphoneos;
				VALIDATE_PRODUCT = YES;
			};
			name = Release;
		};
		4A3570FE2105D95C002CA6D3 /* Debug */ = {
			isa = XCBuildConfiguration;
			buildSettings = {
				ASSETCATALOG_COMPILER_APPICON_NAME = AppIcon;
				CODE_SIGN_STYLE = Automatic;
				DEVELOPMENT_TEAM = 8T58NYZDRU;
				INFOPLIST_FILE = "IOS-Tutorial/Info.plist";
				LD_RUNPATH_SEARCH_PATHS = (
					"$(inherited)",
					"@executable_path/Frameworks",
				);
				PRODUCT_BUNDLE_IDENTIFIER = "ff.IOS-Tutorial2";
				PRODUCT_NAME = "$(TARGET_NAME)";
				TARGETED_DEVICE_FAMILY = "1,2";
			};
			name = Debug;
		};
		4A3570FF2105D95C002CA6D3 /* Release */ = {
			isa = XCBuildConfiguration;
			buildSettings = {
				ASSETCATALOG_COMPILER_APPICON_NAME = AppIcon;
				CODE_SIGN_STYLE = Automatic;
				DEVELOPMENT_TEAM = 8T58NYZDRU;
				INFOPLIST_FILE = "IOS-Tutorial/Info.plist";
				LD_RUNPATH_SEARCH_PATHS = (
					"$(inherited)",
					"@executable_path/Frameworks",
				);
				PRODUCT_BUNDLE_IDENTIFIER = "ff.IOS-Tutorial2";
				PRODUCT_NAME = "$(TARGET_NAME)";
				TARGETED_DEVICE_FAMILY = "1,2";
			};
			name = Release;
		};
/* End XCBuildConfiguration section */

/* Begin XCConfigurationList section */
		4A3570E22105D95B002CA6D3 /* Build configuration list for PBXProject "IOS-Tutorial" */ = {
			isa = XCConfigurationList;
			buildConfigurations = (
				4A3570FB2105D95C002CA6D3 /* Debug */,
				4A3570FC2105D95C002CA6D3 /* Release */,
			);
			defaultConfigurationIsVisible = 0;
			defaultConfigurationName = Release;
		};
		4A3570FD2105D95C002CA6D3 /* Build configuration list for PBXNativeTarget "IOS-Tutorial" */ = {
			isa = XCConfigurationList;
			buildConfigurations = (
				4A3570FE2105D95C002CA6D3 /* Debug */,
				4A3570FF2105D95C002CA6D3 /* Release */,
			);
			defaultConfigurationIsVisible = 0;
			defaultConfigurationName = Release;
		};
/* End XCConfigurationList section */

/* Begin XCVersionGroup section */
		4A33E7442108B69F0091305E /* Model.xcdatamodeld */ = {
			isa = XCVersionGroup;
			children = (
				4A33E7452108B69F0091305E /* Model.xcdatamodel */,
			);
			currentVersion = 4A33E7452108B69F0091305E /* Model.xcdatamodel */;
			path = Model.xcdatamodeld;
			sourceTree = "<group>";
			versionGroupType = wrapper.xcdatamodel;
		};
/* End XCVersionGroup section */
	};
	rootObject = 4A3570DF2105D95B002CA6D3 /* Project object */;
}
